// !$*UTF8*$!
{
	archiveVersion = 1;
	classes = {
	};
	objectVersion = 46;
	objects = {

/* Begin PBXBuildFile section */
		D411C04E1D123C5500EAA404 /* AppDelegate.swift in Sources */ = {isa = PBXBuildFile; fileRef = D411C04D1D123C5500EAA404 /* AppDelegate.swift */; };
		D411C0501D123C5500EAA404 /* ViewController.swift in Sources */ = {isa = PBXBuildFile; fileRef = D411C04F1D123C5500EAA404 /* ViewController.swift */; };
		D411C0531D123C5500EAA404 /* Main.storyboard in Resources */ = {isa = PBXBuildFile; fileRef = D411C0511D123C5500EAA404 /* Main.storyboard */; };
		D411C0551D123C5500EAA404 /* Assets.xcassets in Resources */ = {isa = PBXBuildFile; fileRef = D411C0541D123C5500EAA404 /* Assets.xcassets */; };
		D411C0581D123C5500EAA404 /* LaunchScreen.storyboard in Resources */ = {isa = PBXBuildFile; fileRef = D411C0561D123C5500EAA404 /* LaunchScreen.storyboard */; };
		D411C0671D123F8200EAA404 /* XXXRoundMenuButton.m in Sources */ = {isa = PBXBuildFile; fileRef = D411C0661D123F8200EAA404 /* XXXRoundMenuButton.m */; };
/* End PBXBuildFile section */

/* Begin PBXFileReference section */
		D411C04A1D123C5500EAA404 /* demo_swift.app */ = {isa = PBXFileReference; explicitFileType = wrapper.application; includeInIndex = 0; path = demo_swift.app; sourceTree = BUILT_PRODUCTS_DIR; };
		D411C04D1D123C5500EAA404 /* AppDelegate.swift */ = {isa = PBXFileReference; lastKnownFileType = sourcecode.swift; path = AppDelegate.swift; sourceTree = "<group>"; };
		D411C04F1D123C5500EAA404 /* ViewController.swift */ = {isa = PBXFileReference; lastKnownFileType = sourcecode.swift; path = ViewController.swift; sourceTree = "<group>"; };
		D411C0521D123C5500EAA404 /* Base */ = {isa = PBXFileReference; lastKnownFileType = file.storyboard; name = Base; path = Base.lproj/Main.storyboard; sourceTree = "<group>"; };
		D411C0541D123C5500EAA404 /* Assets.xcassets */ = {isa = PBXFileReference; lastKnownFileType = folder.assetcatalog; path = Assets.xcassets; sourceTree = "<group>"; };
		D411C0571D123C5500EAA404 /* Base */ = {isa = PBXFileReference; lastKnownFileType = file.storyboard; name = Base; path = Base.lproj/LaunchScreen.storyboard; sourceTree = "<group>"; };
		D411C0591D123C5500EAA404 /* Info.plist */ = {isa = PBXFileReference; lastKnownFileType = text.plist.xml; path = Info.plist; sourceTree = "<group>"; };
		D411C0631D123CAD00EAA404 /* Bridging.h */ = {isa = PBXFileReference; lastKnownFileType = sourcecode.c.h; path = Bridging.h; sourceTree = "<group>"; };
		D411C0651D123F8200EAA404 /* XXXRoundMenuButton.h */ = {isa = PBXFileReference; fileEncoding = 4; lastKnownFileType = sourcecode.c.h; path = XXXRoundMenuButton.h; sourceTree = "<group>"; };
		D411C0661D123F8200EAA404 /* XXXRoundMenuButton.m */ = {isa = PBXFileReference; fileEncoding = 4; lastKnownFileType = sourcecode.c.objc; path = XXXRoundMenuButton.m; sourceTree = "<group>"; };
/* End PBXFileReference section */

/* Begin PBXFrameworksBuildPhase section */
		D411C0471D123C5500EAA404 /* Frameworks */ = {
			isa = PBXFrameworksBuildPhase;
			buildActionMask = 2147483647;
			files = (
			);
			runOnlyForDeploymentPostprocessing = 0;
		};
/* End PBXFrameworksBuildPhase section */

/* Begin PBXGroup section */
		D411C0411D123C5500EAA404 = {
			isa = PBXGroup;
			children = (
				D411C0641D123F8200EAA404 /* Views */,
				D411C04C1D123C5500EAA404 /* demo_swift */,
				D411C04B1D123C5500EAA404 /* Products */,
			);
			sourceTree = "<group>";
		};
		D411C04B1D123C5500EAA404 /* Products */ = {
			isa = PBXGroup;
			children = (
				D411C04A1D123C5500EAA404 /* demo_swift.app */,
			);
			name = Products;
			sourceTree = "<group>";
		};
		D411C04C1D123C5500EAA404 /* demo_swift */ = {
			isa = PBXGroup;
			children = (
				D411C0631D123CAD00EAA404 /* Bridging.h */,
				D411C04D1D123C5500EAA404 /* AppDelegate.swift */,
				D411C04F1D123C5500EAA404 /* ViewController.swift */,
				D411C0511D123C5500EAA404 /* Main.storyboard */,
				D411C0541D123C5500EAA404 /* Assets.xcassets */,
				D411C0561D123C5500EAA404 /* LaunchScreen.storyboard */,
				D411C0591D123C5500EAA404 /* Info.plist */,
			);
			path = demo_swift;
			sourceTree = "<group>";
		};
		D411C0641D123F8200EAA404 /* Views */ = {
			isa = PBXGroup;
			children = (
				D411C0651D123F8200EAA404 /* XXXRoundMenuButton.h */,
				D411C0661D123F8200EAA404 /* XXXRoundMenuButton.m */,
			);
			name = Views;
			path = ../../Views;
			sourceTree = "<group>";
		};
/* End PBXGroup section */

/* Begin PBXNativeTarget section */
		D411C0491D123C5500EAA404 /* demo_swift */ = {
			isa = PBXNativeTarget;
			buildConfigurationList = D411C05C1D123C5500EAA404 /* Build configuration list for PBXNativeTarget "demo_swift" */;
			buildPhases = (
				D411C0461D123C5500EAA404 /* Sources */,
				D411C0471D123C5500EAA404 /* Frameworks */,
				D411C0481D123C5500EAA404 /* Resources */,
			);
			buildRules = (
			);
			dependencies = (
			);
			name = demo_swift;
			productName = demo_swift;
			productReference = D411C04A1D123C5500EAA404 /* demo_swift.app */;
			productType = "com.apple.product-type.application";
		};
/* End PBXNativeTarget section */

/* Begin PBXProject section */
		D411C0421D123C5500EAA404 /* Project object */ = {
			isa = PBXProject;
			attributes = {
				LastSwiftUpdateCheck = 0730;
				LastUpgradeCheck = 0730;
				ORGANIZATIONNAME = orzer;
				TargetAttributes = {
					D411C0491D123C5500EAA404 = {
						CreatedOnToolsVersion = 7.3.1;
					};
				};
			};
			buildConfigurationList = D411C0451D123C5500EAA404 /* Build configuration list for PBXProject "demo_swift" */;
			compatibilityVersion = "Xcode 3.2";
			developmentRegion = English;
			hasScannedForEncodings = 0;
			knownRegions = (
				en,
				Base,
			);
			mainGroup = D411C0411D123C5500EAA404;
			productRefGroup = D411C04B1D123C5500EAA404 /* Products */;
			projectDirPath = "";
			projectRoot = "";
			targets = (
				D411C0491D123C5500EAA404 /* demo_swift */,
			);
		};
/* End PBXProject section */

/* Begin PBXResourcesBuildPhase section */
		D411C0481D123C5500EAA404 /* Resources */ = {
			isa = PBXResourcesBuildPhase;
			buildActionMask = 2147483647;
			files = (
				D411C0581D123C5500EAA404 /* LaunchScreen.storyboard in Resources */,
				D411C0551D123C5500EAA404 /* Assets.xcassets in Resources */,
				D411C0531D123C5500EAA404 /* Main.storyboard in Resources */,
			);
			runOnlyForDeploymentPostprocessing = 0;
		};
/* End PBXResourcesBuildPhase section */

/* Begin PBXSourcesBuildPhase section */
		D411C0461D123C5500EAA404 /* Sources */ = {
			isa = PBXSourcesBuildPhase;
			buildActionMask = 2147483647;
			files = (
				D411C0501D123C5500EAA404 /* ViewController.swift in Sources */,
				D411C04E1D123C5500EAA404 /* AppDelegate.swift in Sources */,
				D411C0671D123F8200EAA404 /* XXXRoundMenuButton.m in Sources */,
			);
			runOnlyForDeploymentPostprocessing = 0;
		};
/* End PBXSourcesBuildPhase section */

/* Begin PBXVariantGroup section */
		D411C0511D123C5500EAA404 /* Main.storyboard */ = {
			isa = PBXVariantGroup;
			children = (
				D411C0521D123C5500EAA404 /* Base */,
			);
			name = Main.storyboard;
			sourceTree = "<group>";
		};
		D411C0561D123C5500EAA404 /* LaunchScreen.storyboard */ = {
			isa = PBXVariantGroup;
			children = (
				D411C0571D123C5500EAA404 /* Base */,
			);
			name = LaunchScreen.storyboard;
			sourceTree = "<group>";
		};
/* End PBXVariantGroup section */

/* Begin XCBuildConfiguration section */
		D411C05A1D123C5500EAA404 /* Debug */ = {
			isa = XCBuildConfiguration;
			buildSettings = {
				ALWAYS_SEARCH_USER_PATHS = NO;
				CLANG_ANALYZER_NONNULL = YES;
				CLANG_CXX_LANGUAGE_STANDARD = "gnu++0x";
				CLANG_CXX_LIBRARY = "libc++";
				CLANG_ENABLE_MODULES = YES;
				CLANG_ENABLE_OBJC_ARC = YES;
				CLANG_WARN_BOOL_CONVERSION = YES;
				CLANG_WARN_CONSTANT_CONVERSION = YES;
				CLANG_WARN_DIRECT_OBJC_ISA_USAGE = YES_ERROR;
				CLANG_WARN_EMPTY_BODY = YES;
				CLANG_WARN_ENUM_CONVERSION = YES;
				CLANG_WARN_INT_CONVERSION = YES;
				CLANG_WARN_OBJC_ROOT_CLASS = YES_ERROR;
				CLANG_WARN_UNREACHABLE_CODE = YES;
				CLANG_WARN__DUPLICATE_METHOD_MATCH = YES;
				"CODE_SIGN_IDENTITY[sdk=iphoneos*]" = "iPhone Developer";
				COPY_PHASE_STRIP = NO;
				DEBUG_INFORMATION_FORMAT = dwarf;
				ENABLE_STRICT_OBJC_MSGSEND = YES;
				ENABLE_TESTABILITY = YES;
				GCC_C_LANGUAGE_STANDARD = gnu99;
				GCC_DYNAMIC_NO_PIC = NO;
				GCC_NO_COMMON_BLOCKS = YES;
				GCC_OPTIMIZATION_LEVEL = 0;
				GCC_PREPROCESSOR_DEFINITIONS = (
					"DEBUG=1",
					"$(inherited)",
				);
				GCC_WARN_64_TO_32_BIT_CONVERSION = YES;
				GCC_WARN_ABOUT_RETURN_TYPE = YES_ERROR;
				GCC_WARN_UNDECLARED_SELECTOR = YES;
				GCC_WARN_UNINITIALIZED_AUTOS = YES_AGGRESSIVE;
				GCC_WARN_UNUSED_FUNCTION = YES;
				GCC_WARN_UNUSED_VARIABLE = YES;
				IPHONEOS_DEPLOYMENT_TARGET = 9.3;
				MTL_ENABLE_DEBUG_INFO = YES;
				ONLY_ACTIVE_ARCH = YES;
				SDKROOT = iphoneos;
				SWIFT_OPTIMIZATION_LEVEL = "-Onone";
			};
			name = Debug;
		};
		D411C05B1D123C5500EAA404 /* Release */ = {
			isa = XCBuildConfiguration;
			buildSettings = {
				ALWAYS_SEARCH_USER_PATHS = NO;
				CLANG_ANALYZER_NONNULL = YES;
				CLANG_CXX_LANGUAGE_STANDARD = "gnu++0x";
				CLANG_CXX_LIBRARY = "libc++";
				CLANG_ENABLE_MODULES = YES;
				CLANG_ENABLE_OBJC_ARC = YES;
				CLANG_WARN_BOOL_CONVERSION = YES;
				CLANG_WARN_CONSTANT_CONVERSION = YES;
				CLANG_WARN_DIRECT_OBJC_ISA_USAGE = YES_ERROR;
				CLANG_WARN_EMPTY_BODY = YES;
				CLANG_WARN_ENUM_CONVERSION = YES;
				CLANG_WARN_INT_CONVERSION = YES;
				CLANG_WARN_OBJC_ROOT_CLASS = YES_ERROR;
				CLANG_WARN_UNREACHABLE_CODE = YES;
				CLANG_WARN__DUPLICATE_METHOD_MATCH = YES;
				"CODE_SIGN_IDENTITY[sdk=iphoneos*]" = "iPhone Developer";
				COPY_PHASE_STRIP = NO;
				DEBUG_INFORMATION_FORMAT = "dwarf-with-dsym";
				ENABLE_NS_ASSERTIONS = NO;
				ENABLE_STRICT_OBJC_MSGSEND = YES;
				GCC_C_LANGUAGE_STANDARD = gnu99;
				GCC_NO_COMMON_BLOCKS = YES;
				GCC_WARN_64_TO_32_BIT_CONVERSION = YES;
				GCC_WARN_ABOUT_RETURN_TYPE = YES_ERROR;
				GCC_WARN_UNDECLARED_SELECTOR = YES;
				GCC_WARN_UNINITIALIZED_AUTOS = YES_AGGRESSIVE;
				GCC_WARN_UNUSED_FUNCTION = YES;
				GCC_WARN_UNUSED_VARIABLE = YES;
				IPHONEOS_DEPLOYMENT_TARGET = 9.3;
				MTL_ENABLE_DEBUG_INFO = NO;
				SDKROOT = iphoneos;
				VALIDATE_PRODUCT = YES;
			};
			name = Release;
		};
		D411C05D1D123C5500EAA404 /* Debug */ = {
			isa = XCBuildConfiguration;
			buildSettings = {
				ASSETCATALOG_COMPILER_APPICON_NAME = AppIcon;
				INFOPLIST_FILE = demo_swift/Info.plist;
				LD_RUNPATH_SEARCH_PATHS = "$(inherited) @executable_path/Frameworks";
				PRODUCT_BUNDLE_IDENTIFIER = "com.orzer.demo-swift";
				PRODUCT_NAME = "$(TARGET_NAME)";
				SWIFT_OBJC_BRIDGING_HEADER = Demo_swift/Bridging.h;
			};
			name = Debug;
		};
		D411C05E1D123C5500EAA404 /* Release */ = {
			isa = XCBuildConfiguration;
			buildSettings = {
				ASSETCATALOG_COMPILER_APPICON_NAME = AppIcon;
				INFOPLIST_FILE = demo_swift/Info.plist;
				LD_RUNPATH_SEARCH_PATHS = "$(inherited) @executable_path/Frameworks";
				PRODUCT_BUNDLE_IDENTIFIER = "com.orzer.demo-swift";
				PRODUCT_NAME = "$(TARGET_NAME)";
				SWIFT_OBJC_BRIDGING_HEADER = Demo_swift/Bridging.h;
			};
			name = Release;
		};
/* End XCBuildConfiguration section */

/* Begin XCConfigurationList section */
		D411C0451D123C5500EAA404 /* Build configuration list for PBXProject "demo_swift" */ = {
			isa = XCConfigurationList;
			buildConfigurations = (
				D411C05A1D123C5500EAA404 /* Debug */,
				D411C05B1D123C5500EAA404 /* Release */,
			);
			defaultConfigurationIsVisible = 0;
			defaultConfigurationName = Release;
		};
		D411C05C1D123C5500EAA404 /* Build configuration list for PBXNativeTarget "demo_swift" */ = {
			isa = XCConfigurationList;
			buildConfigurations = (
				D411C05D1D123C5500EAA404 /* Debug */,
				D411C05E1D123C5500EAA404 /* Release */,
			);
			defaultConfigurationIsVisible = 0;
		};
/* End XCConfigurationList section */
	};
	rootObject = D411C0421D123C5500EAA404 /* Project object */;
}
